
Microsoft Visual Studio Solution File, Format Version 12.00
# Visual Studio Version 17
VisualStudioVersion = 17.14.36202.13 d17.14
MinimumVisualStudioVersion = 10.0.40219.1
Project("{FAE04EC0-301F-11D3-BF4B-00C04F79EFBC}") = "CoreLibrary", "CoreLibrary.csproj", "{7E24B384-B199-4C7D-ABEC-B41902EFE7A6}"
EndProject
Project("{FAE04EC0-301F-11D3-BF4B-00C04F79EFBC}") = "PersonalAIMemory.Console", "..\PersonalAIMemory.Console\PersonalAIMemory.Console.csproj", "{3E8B8BDB-882F-464B-9221-CD28F6EC2FED}"
EndProject
Global
	GlobalSection(SolutionConfigurationPlatforms) = preSolution
		Debug|Any CPU = Debug|Any CPU
		Release|Any CPU = Release|Any CPU
	EndGlobalSection
	GlobalSection(ProjectConfigurationPlatforms) = postSolution
		{7E24B384-B199-4C7D-ABEC-B41902EFE7A6}.Debug|Any CPU.ActiveCfg = Debug|Any CPU
		{7E24B384-B199-4C7D-ABEC-B41902EFE7A6}.Debug|Any CPU.Build.0 = Debug|Any CPU
		{7E24B384-B199-4C7D-ABEC-B41902EFE7A6}.Release|Any CPU.ActiveCfg = Release|Any CPU
		{7E24B384-B199-4C7D-ABEC-B41902EFE7A6}.Release|Any CPU.Build.0 = Release|Any CPU
		{3E8B8BDB-882F-464B-9221-CD28F6EC2FED}.Debug|Any CPU.ActiveCfg = Debug|Any CPU
		{3E8B8BDB-882F-464B-9221-CD28F6EC2FED}.Debug|Any CPU.Build.0 = Debug|Any CPU
		{3E8B8BDB-882F-464B-9221-CD28F6EC2FED}.Release|Any CPU.ActiveCfg = Release|Any CPU
		{3E8B8BDB-882F-464B-9221-CD28F6EC2FED}.Release|Any CPU.Build.0 = Release|Any CPU
	EndGlobalSection
	GlobalSection(SolutionProperties) = preSolution
		HideSolutionNode = FALSE
	EndGlobalSection
	GlobalSection(ExtensibilityGlobals) = postSolution
		SolutionGuid = {0ED4161C-AE17-41A4-B6B1-F0B168B7B0F6}
	EndGlobalSection
EndGlobal
